
Microsoft Visual Studio Solution File, Format Version 12.00
# Visual Studio 2012
Project("{2150E333-8FDC-42A3-9474-1A3956D46DE8}") = "01. Infrastructure", "01. Infrastructure", "{5AEF2CBA-6CBE-4BDB-AB32-5F74FDC21C8A}"
EndProject
Project("{2150E333-8FDC-42A3-9474-1A3956D46DE8}") = "03. Domain", "03. Domain", "{72ED7835-3FAD-4F2C-8A54-D1ACC72ECFF6}"
	ProjectSection(SolutionItems) = preProject
		design\aspnetdb.gif = design\aspnetdb.gif
	EndProjectSection
EndProject
Project("{2150E333-8FDC-42A3-9474-1A3956D46DE8}") = "04. Service", "04. Service", "{89B071C6-B906-4583-BB3E-F5D1CB55C5FA}"
EndProject
Project("{2150E333-8FDC-42A3-9474-1A3956D46DE8}") = "05. User Interface", "05. User Interface", "{A6F0619A-2685-4486-9FB9-DA8EB4EEBFA4}"
EndProject
Project("{2150E333-8FDC-42A3-9474-1A3956D46DE8}") = "02. Data", "02. Data", "{B448A2FC-693F-47D3-B40D-97B4D73AD41E}"
EndProject
Project("{2150E333-8FDC-42A3-9474-1A3956D46DE8}") = "06. Test", "06. Test", "{E51399AA-D275-48A6-965E-778EF88CD43E}"
EndProject
Project("{FAE04EC0-301F-11D3-BF4B-00C04F79EFBC}") = "YesHJ.Fx", "YesHJ.Fx\YesHJ.Fx.csproj", "{0D13BFB2-BC56-4270-BD4D-43B4BD3F4DE7}"
EndProject
Project("{FAE04EC0-301F-11D3-BF4B-00C04F79EFBC}") = "YesHJ.Fx.Impl", "YesHJ.Fx.Impl\YesHJ.Fx.Impl.csproj", "{E296E6BC-7D48-4713-BF64-820B2DE13147}"
EndProject
Project("{FAE04EC0-301F-11D3-BF4B-00C04F79EFBC}") = "WebSite", "WebSite\WebSite.csproj", "{68EE3B7F-4A65-4E5E-BD9D-2C1739F4F655}"
EndProject
Project("{FAE04EC0-301F-11D3-BF4B-00C04F79EFBC}") = "Common.Tests", "WebSite.Tests\Common.Tests.csproj", "{D184DCCC-E41E-40A7-8406-CE7B5BE4287D}"
EndProject
Project("{FAE04EC0-301F-11D3-BF4B-00C04F79EFBC}") = "Data.Model", "DbModel\Data.Model.csproj", "{0F3A5284-ED6D-44A6-862A-23A07C54159D}"
EndProject
Project("{FAE04EC0-301F-11D3-BF4B-00C04F79EFBC}") = "Membership.Service", "Membership.Service\Membership.Service.csproj", "{A918AA27-83D4-4A1C-924D-98DDDF4293F8}"
EndProject
Project("{FAE04EC0-301F-11D3-BF4B-00C04F79EFBC}") = "Membership.Service.Impl", "Membership.Service.Impl\Membership.Service.Impl.csproj", "{8C57819D-ED27-41F9-BC82-3FBC44B8591A}"
EndProject
Project("{FAE04EC0-301F-11D3-BF4B-00C04F79EFBC}") = "Service.Core", "Service.Core\Service.Core.csproj", "{D1077FF4-5A15-4379-B80F-15F91D7C8FC3}"
EndProject
Project("{FAE04EC0-301F-11D3-BF4B-00C04F79EFBC}") = "Data.Access", "Data.Access\Data.Access.csproj", "{989C68F1-A002-4161-B794-B39D2262B00D}"
EndProject
Project("{FAE04EC0-301F-11D3-BF4B-00C04F79EFBC}") = "Data.Access.Impl", "Data.Access.Impl\Data.Access.Impl.csproj", "{E12214AD-12F0-4490-A93E-7991B1363DBC}"
EndProject
Project("{FAE04EC0-301F-11D3-BF4B-00C04F79EFBC}") = "View.Model", "Service.Model\View.Model.csproj", "{E8A65789-1CA1-4FC8-B937-D12A834A9B60}"
EndProject
Project("{2150E333-8FDC-42A3-9474-1A3956D46DE8}") = "Solution Items", "Solution Items", "{1F1985AE-DD38-4A07-BDB6-62DFFD1F2E9C}"
	ProjectSection(SolutionItems) = preProject
		D:\360data\重要数据\我的图片\arch\package.png = D:\360data\重要数据\我的图片\arch\package.png
	EndProjectSection
EndProject
Project("{FAE04EC0-301F-11D3-BF4B-00C04F79EFBC}") = "WebSite.Admin", "WebSite.Admin\WebSite.Admin.csproj", "{6C38FF8F-0BEF-4841-B9AA-F680EA0C91C1}"
EndProject
Project("{FAE04EC0-301F-11D3-BF4B-00C04F79EFBC}") = "WebCore.Service", "WebCore.Service\WebCore.Service.csproj", "{1979CC91-97E6-4635-9B11-3B7813CF017B}"
EndProject
Project("{FAE04EC0-301F-11D3-BF4B-00C04F79EFBC}") = "Courseware.Service", "Courseware.Service\Courseware.Service.csproj", "{BAFDC480-5528-4584-B788-8150A85A302B}"
EndProject
Project("{FAE04EC0-301F-11D3-BF4B-00C04F79EFBC}") = "Courseware.Service.Impl", "Courseware.Service.Impl\Courseware.Service.Impl.csproj", "{F59CB8EB-A231-475C-81F4-E585847C3FC0}"
EndProject
Global
	GlobalSection(SolutionConfigurationPlatforms) = preSolution
		Debug|Any CPU = Debug|Any CPU
		Release|Any CPU = Release|Any CPU
	EndGlobalSection
	GlobalSection(ProjectConfigurationPlatforms) = postSolution
		{0D13BFB2-BC56-4270-BD4D-43B4BD3F4DE7}.Debug|Any CPU.ActiveCfg = Debug|Any CPU
		{0D13BFB2-BC56-4270-BD4D-43B4BD3F4DE7}.Debug|Any CPU.Build.0 = Debug|Any CPU
		{0D13BFB2-BC56-4270-BD4D-43B4BD3F4DE7}.Release|Any CPU.ActiveCfg = Release|Any CPU
		{0D13BFB2-BC56-4270-BD4D-43B4BD3F4DE7}.Release|Any CPU.Build.0 = Release|Any CPU
		{E296E6BC-7D48-4713-BF64-820B2DE13147}.Debug|Any CPU.ActiveCfg = Debug|Any CPU
		{E296E6BC-7D48-4713-BF64-820B2DE13147}.Debug|Any CPU.Build.0 = Debug|Any CPU
		{E296E6BC-7D48-4713-BF64-820B2DE13147}.Release|Any CPU.ActiveCfg = Release|Any CPU
		{E296E6BC-7D48-4713-BF64-820B2DE13147}.Release|Any CPU.Build.0 = Release|Any CPU
		{68EE3B7F-4A65-4E5E-BD9D-2C1739F4F655}.Debug|Any CPU.ActiveCfg = Debug|Any CPU
		{68EE3B7F-4A65-4E5E-BD9D-2C1739F4F655}.Debug|Any CPU.Build.0 = Debug|Any CPU
		{68EE3B7F-4A65-4E5E-BD9D-2C1739F4F655}.Release|Any CPU.ActiveCfg = Release|Any CPU
		{68EE3B7F-4A65-4E5E-BD9D-2C1739F4F655}.Release|Any CPU.Build.0 = Release|Any CPU
		{D184DCCC-E41E-40A7-8406-CE7B5BE4287D}.Debug|Any CPU.ActiveCfg = Debug|Any CPU
		{D184DCCC-E41E-40A7-8406-CE7B5BE4287D}.Debug|Any CPU.Build.0 = Debug|Any CPU
		{D184DCCC-E41E-40A7-8406-CE7B5BE4287D}.Release|Any CPU.ActiveCfg = Release|Any CPU
		{D184DCCC-E41E-40A7-8406-CE7B5BE4287D}.Release|Any CPU.Build.0 = Release|Any CPU
		{0F3A5284-ED6D-44A6-862A-23A07C54159D}.Debug|Any CPU.ActiveCfg = Debug|Any CPU
		{0F3A5284-ED6D-44A6-862A-23A07C54159D}.Debug|Any CPU.Build.0 = Debug|Any CPU
		{0F3A5284-ED6D-44A6-862A-23A07C54159D}.Release|Any CPU.ActiveCfg = Release|Any CPU
		{0F3A5284-ED6D-44A6-862A-23A07C54159D}.Release|Any CPU.Build.0 = Release|Any CPU
		{A918AA27-83D4-4A1C-924D-98DDDF4293F8}.Debug|Any CPU.ActiveCfg = Debug|Any CPU
		{A918AA27-83D4-4A1C-924D-98DDDF4293F8}.Debug|Any CPU.Build.0 = Debug|Any CPU
		{A918AA27-83D4-4A1C-924D-98DDDF4293F8}.Release|Any CPU.ActiveCfg = Release|Any CPU
		{A918AA27-83D4-4A1C-924D-98DDDF4293F8}.Release|Any CPU.Build.0 = Release|Any CPU
		{8C57819D-ED27-41F9-BC82-3FBC44B8591A}.Debug|Any CPU.ActiveCfg = Debug|Any CPU
		{8C57819D-ED27-41F9-BC82-3FBC44B8591A}.Debug|Any CPU.Build.0 = Debug|Any CPU
		{8C57819D-ED27-41F9-BC82-3FBC44B8591A}.Release|Any CPU.ActiveCfg = Release|Any CPU
		{8C57819D-ED27-41F9-BC82-3FBC44B8591A}.Release|Any CPU.Build.0 = Release|Any CPU
		{D1077FF4-5A15-4379-B80F-15F91D7C8FC3}.Debug|Any CPU.ActiveCfg = Debug|Any CPU
		{D1077FF4-5A15-4379-B80F-15F91D7C8FC3}.Debug|Any CPU.Build.0 = Debug|Any CPU
		{D1077FF4-5A15-4379-B80F-15F91D7C8FC3}.Release|Any CPU.ActiveCfg = Release|Any CPU
		{D1077FF4-5A15-4379-B80F-15F91D7C8FC3}.Release|Any CPU.Build.0 = Release|Any CPU
		{989C68F1-A002-4161-B794-B39D2262B00D}.Debug|Any CPU.ActiveCfg = Debug|Any CPU
		{989C68F1-A002-4161-B794-B39D2262B00D}.Debug|Any CPU.Build.0 = Debug|Any CPU
		{989C68F1-A002-4161-B794-B39D2262B00D}.Release|Any CPU.ActiveCfg = Release|Any CPU
		{989C68F1-A002-4161-B794-B39D2262B00D}.Release|Any CPU.Build.0 = Release|Any CPU
		{E12214AD-12F0-4490-A93E-7991B1363DBC}.Debug|Any CPU.ActiveCfg = Debug|Any CPU
		{E12214AD-12F0-4490-A93E-7991B1363DBC}.Debug|Any CPU.Build.0 = Debug|Any CPU
		{E12214AD-12F0-4490-A93E-7991B1363DBC}.Release|Any CPU.ActiveCfg = Release|Any CPU
		{E12214AD-12F0-4490-A93E-7991B1363DBC}.Release|Any CPU.Build.0 = Release|Any CPU
		{E8A65789-1CA1-4FC8-B937-D12A834A9B60}.Debug|Any CPU.ActiveCfg = Debug|Any CPU
		{E8A65789-1CA1-4FC8-B937-D12A834A9B60}.Debug|Any CPU.Build.0 = Debug|Any CPU
		{E8A65789-1CA1-4FC8-B937-D12A834A9B60}.Release|Any CPU.ActiveCfg = Release|Any CPU
		{E8A65789-1CA1-4FC8-B937-D12A834A9B60}.Release|Any CPU.Build.0 = Release|Any CPU
		{6C38FF8F-0BEF-4841-B9AA-F680EA0C91C1}.Debug|Any CPU.ActiveCfg = Debug|Any CPU
		{6C38FF8F-0BEF-4841-B9AA-F680EA0C91C1}.Debug|Any CPU.Build.0 = Debug|Any CPU
		{6C38FF8F-0BEF-4841-B9AA-F680EA0C91C1}.Release|Any CPU.ActiveCfg = Release|Any CPU
		{6C38FF8F-0BEF-4841-B9AA-F680EA0C91C1}.Release|Any CPU.Build.0 = Release|Any CPU
		{1979CC91-97E6-4635-9B11-3B7813CF017B}.Debug|Any CPU.ActiveCfg = Debug|Any CPU
		{1979CC91-97E6-4635-9B11-3B7813CF017B}.Debug|Any CPU.Build.0 = Debug|Any CPU
		{1979CC91-97E6-4635-9B11-3B7813CF017B}.Release|Any CPU.ActiveCfg = Release|Any CPU
		{1979CC91-97E6-4635-9B11-3B7813CF017B}.Release|Any CPU.Build.0 = Release|Any CPU
		{BAFDC480-5528-4584-B788-8150A85A302B}.Debug|Any CPU.ActiveCfg = Debug|Any CPU
		{BAFDC480-5528-4584-B788-8150A85A302B}.Debug|Any CPU.Build.0 = Debug|Any CPU
		{BAFDC480-5528-4584-B788-8150A85A302B}.Release|Any CPU.ActiveCfg = Release|Any CPU
		{BAFDC480-5528-4584-B788-8150A85A302B}.Release|Any CPU.Build.0 = Release|Any CPU
		{F59CB8EB-A231-475C-81F4-E585847C3FC0}.Debug|Any CPU.ActiveCfg = Debug|Any CPU
		{F59CB8EB-A231-475C-81F4-E585847C3FC0}.Debug|Any CPU.Build.0 = Debug|Any CPU
		{F59CB8EB-A231-475C-81F4-E585847C3FC0}.Release|Any CPU.ActiveCfg = Release|Any CPU
		{F59CB8EB-A231-475C-81F4-E585847C3FC0}.Release|Any CPU.Build.0 = Release|Any CPU
	EndGlobalSection
	GlobalSection(SolutionProperties) = preSolution
		HideSolutionNode = FALSE
	EndGlobalSection
	GlobalSection(NestedProjects) = preSolution
		{0D13BFB2-BC56-4270-BD4D-43B4BD3F4DE7} = {5AEF2CBA-6CBE-4BDB-AB32-5F74FDC21C8A}
		{E296E6BC-7D48-4713-BF64-820B2DE13147} = {5AEF2CBA-6CBE-4BDB-AB32-5F74FDC21C8A}
		{0F3A5284-ED6D-44A6-862A-23A07C54159D} = {72ED7835-3FAD-4F2C-8A54-D1ACC72ECFF6}
		{E8A65789-1CA1-4FC8-B937-D12A834A9B60} = {72ED7835-3FAD-4F2C-8A54-D1ACC72ECFF6}
		{A918AA27-83D4-4A1C-924D-98DDDF4293F8} = {89B071C6-B906-4583-BB3E-F5D1CB55C5FA}
		{8C57819D-ED27-41F9-BC82-3FBC44B8591A} = {89B071C6-B906-4583-BB3E-F5D1CB55C5FA}
		{D1077FF4-5A15-4379-B80F-15F91D7C8FC3} = {89B071C6-B906-4583-BB3E-F5D1CB55C5FA}
		{1979CC91-97E6-4635-9B11-3B7813CF017B} = {89B071C6-B906-4583-BB3E-F5D1CB55C5FA}
		{BAFDC480-5528-4584-B788-8150A85A302B} = {89B071C6-B906-4583-BB3E-F5D1CB55C5FA}
		{F59CB8EB-A231-475C-81F4-E585847C3FC0} = {89B071C6-B906-4583-BB3E-F5D1CB55C5FA}
		{68EE3B7F-4A65-4E5E-BD9D-2C1739F4F655} = {A6F0619A-2685-4486-9FB9-DA8EB4EEBFA4}
		{6C38FF8F-0BEF-4841-B9AA-F680EA0C91C1} = {A6F0619A-2685-4486-9FB9-DA8EB4EEBFA4}
		{989C68F1-A002-4161-B794-B39D2262B00D} = {B448A2FC-693F-47D3-B40D-97B4D73AD41E}
		{E12214AD-12F0-4490-A93E-7991B1363DBC} = {B448A2FC-693F-47D3-B40D-97B4D73AD41E}
		{D184DCCC-E41E-40A7-8406-CE7B5BE4287D} = {E51399AA-D275-48A6-965E-778EF88CD43E}
	EndGlobalSection
EndGlobal
